// !$*UTF8*$!
{
	archiveVersion = 1;
	classes = {
	};
	objectVersion = 46;
	objects = {

/* Begin PBXBuildFile section */
		AB04128F1F5FE4B3003F2E7E /* 151-free-pictogram.png in Resources */ = {isa = PBXBuildFile; fileRef = AB04128E1F5FE4B3003F2E7E /* 151-free-pictogram.png */; };
		AB389B731F4D518400B74119 /* AppDelegate.swift in Sources */ = {isa = PBXBuildFile; fileRef = AB389B721F4D518400B74119 /* AppDelegate.swift */; };
		AB389B751F4D518400B74119 /* ViewController.swift in Sources */ = {isa = PBXBuildFile; fileRef = AB389B741F4D518400B74119 /* ViewController.swift */; };
		AB389B781F4D518400B74119 /* Main.storyboard in Resources */ = {isa = PBXBuildFile; fileRef = AB389B761F4D518400B74119 /* Main.storyboard */; };
		AB389B7A1F4D518400B74119 /* Assets.xcassets in Resources */ = {isa = PBXBuildFile; fileRef = AB389B791F4D518400B74119 /* Assets.xcassets */; };
		AB389B7D1F4D518400B74119 /* LaunchScreen.storyboard in Resources */ = {isa = PBXBuildFile; fileRef = AB389B7B1F4D518400B74119 /* LaunchScreen.storyboard */; };
		AB389B861F4D5A1C00B74119 /* ashiba.jpg in Resources */ = {isa = PBXBuildFile; fileRef = AB389B851F4D5A1C00B74119 /* ashiba.jpg */; };
/* End PBXBuildFile section */

/* Begin PBXFileReference section */
		AB04128E1F5FE4B3003F2E7E /* 151-free-pictogram.png */ = {isa = PBXFileReference; lastKnownFileType = image.png; path = "151-free-pictogram.png"; sourceTree = "<group>"; };
		AB389B6F1F4D518400B74119 /* KoroKoroFurby.app */ = {isa = PBXFileReference; explicitFileType = wrapper.application; includeInIndex = 0; path = KoroKoroFurby.app; sourceTree = BUILT_PRODUCTS_DIR; };
		AB389B721F4D518400B74119 /* AppDelegate.swift */ = {isa = PBXFileReference; lastKnownFileType = sourcecode.swift; path = AppDelegate.swift; sourceTree = "<group>"; };
		AB389B741F4D518400B74119 /* ViewController.swift */ = {isa = PBXFileReference; lastKnownFileType = sourcecode.swift; path = ViewController.swift; sourceTree = "<group>"; };
		AB389B771F4D518400B74119 /* Base */ = {isa = PBXFileReference; lastKnownFileType = file.storyboard; name = Base; path = Base.lproj/Main.storyboard; sourceTree = "<group>"; };
		AB389B791F4D518400B74119 /* Assets.xcassets */ = {isa = PBXFileReference; lastKnownFileType = folder.assetcatalog; path = Assets.xcassets; sourceTree = "<group>"; };
		AB389B7C1F4D518400B74119 /* Base */ = {isa = PBXFileReference; lastKnownFileType = file.storyboard; name = Base; path = Base.lproj/LaunchScreen.storyboard; sourceTree = "<group>"; };
		AB389B7E1F4D518400B74119 /* Info.plist */ = {isa = PBXFileReference; lastKnownFileType = text.plist.xml; path = Info.plist; sourceTree = "<group>"; };
		AB389B851F4D5A1C00B74119 /* ashiba.jpg */ = {isa = PBXFileReference; lastKnownFileType = image.jpeg; path = ashiba.jpg; sourceTree = "<group>"; };
/* End PBXFileReference section */

/* Begin PBXFrameworksBuildPhase section */
		AB389B6C1F4D518400B74119 /* Frameworks */ = {
			isa = PBXFrameworksBuildPhase;
			buildActionMask = 2147483647;
			files = (
			);
			runOnlyForDeploymentPostprocessing = 0;
		};
/* End PBXFrameworksBuildPhase section */

/* Begin PBXGroup section */
		AB389B661F4D518400B74119 = {
			isa = PBXGroup;
			children = (
				AB389B711F4D518400B74119 /* KoroKoroFurby */,
				AB389B701F4D518400B74119 /* Products */,
			);
			sourceTree = "<group>";
		};
		AB389B701F4D518400B74119 /* Products */ = {
			isa = PBXGroup;
			children = (
				AB389B6F1F4D518400B74119 /* KoroKoroFurby.app */,
			);
			name = Products;
			sourceTree = "<group>";
		};
		AB389B711F4D518400B74119 /* KoroKoroFurby */ = {
			isa = PBXGroup;
			children = (
				AB389B841F4D5A0600B74119 /* Images */,
				AB389B721F4D518400B74119 /* AppDelegate.swift */,
				AB389B741F4D518400B74119 /* ViewController.swift */,
				AB389B761F4D518400B74119 /* Main.storyboard */,
				AB389B791F4D518400B74119 /* Assets.xcassets */,
				AB389B7B1F4D518400B74119 /* LaunchScreen.storyboard */,
				AB389B7E1F4D518400B74119 /* Info.plist */,
			);
			path = KoroKoroFurby;
			sourceTree = "<group>";
		};
		AB389B841F4D5A0600B74119 /* Images */ = {
			isa = PBXGroup;
			children = (
				AB04128E1F5FE4B3003F2E7E /* 151-free-pictogram.png */,
				AB389B851F4D5A1C00B74119 /* ashiba.jpg */,
			);
			name = Images;
			sourceTree = "<group>";
		};
/* End PBXGroup section */

/* Begin PBXNativeTarget section */
		AB389B6E1F4D518400B74119 /* KoroKoroFurby */ = {
			isa = PBXNativeTarget;
			buildConfigurationList = AB389B811F4D518400B74119 /* Build configuration list for PBXNativeTarget "KoroKoroFurby" */;
			buildPhases = (
				AB389B6B1F4D518400B74119 /* Sources */,
				AB389B6C1F4D518400B74119 /* Frameworks */,
				AB389B6D1F4D518400B74119 /* Resources */,
			);
			buildRules = (
			);
			dependencies = (
			);
			name = KoroKoroFurby;
			productName = KoroKoroFurby;
			productReference = AB389B6F1F4D518400B74119 /* KoroKoroFurby.app */;
			productType = "com.apple.product-type.application";
		};
/* End PBXNativeTarget section */

/* Begin PBXProject section */
		AB389B671F4D518400B74119 /* Project object */ = {
			isa = PBXProject;
			attributes = {
				LastSwiftUpdateCheck = 0830;
				LastUpgradeCheck = 0830;
				ORGANIZATIONNAME = nttr.hirtoki;
				TargetAttributes = {
					AB389B6E1F4D518400B74119 = {
						CreatedOnToolsVersion = 8.3.3;
						ProvisioningStyle = Automatic;
					};
				};
			};
			buildConfigurationList = AB389B6A1F4D518400B74119 /* Build configuration list for PBXProject "KoroKoroFurby" */;
			compatibilityVersion = "Xcode 3.2";
			developmentRegion = English;
			hasScannedForEncodings = 0;
			knownRegions = (
				en,
				Base,
			);
			mainGroup = AB389B661F4D518400B74119;
			productRefGroup = AB389B701F4D518400B74119 /* Products */;
			projectDirPath = "";
			projectRoot = "";
			targets = (
				AB389B6E1F4D518400B74119 /* KoroKoroFurby */,
			);
		};
/* End PBXProject section */

/* Begin PBXResourcesBuildPhase section */
		AB389B6D1F4D518400B74119 /* Resources */ = {
			isa = PBXResourcesBuildPhase;
			buildActionMask = 2147483647;
			files = (
				AB04128F1F5FE4B3003F2E7E /* 151-free-pictogram.png in Resources */,
				AB389B7D1F4D518400B74119 /* LaunchScreen.storyboard in Resources */,
				AB389B7A1F4D518400B74119 /* Assets.xcassets in Resources */,
				AB389B781F4D518400B74119 /* Main.storyboard in Resources */,
				AB389B861F4D5A1C00B74119 /* ashiba.jpg in Resources */,
			);
			runOnlyForDeploymentPostprocessing = 0;
		};
/* End PBXResourcesBuildPhase section */

/* Begin PBXSourcesBuildPhase section */
		AB389B6B1F4D518400B74119 /* Sources */ = {
			isa = PBXSourcesBuildPhase;
			buildActionMask = 2147483647;
			files = (
				AB389B751F4D518400B74119 /* ViewController.swift in Sources */,
				AB389B731F4D518400B74119 /* AppDelegate.swift in Sources */,
			);
			runOnlyForDeploymentPostprocessing = 0;
		};
/* End PBXSourcesBuildPhase section */

/* Begin PBXVariantGroup section */
		AB389B761F4D518400B74119 /* Main.storyboard */ = {
			isa = PBXVariantGroup;
			children = (
				AB389B771F4D518400B74119 /* Base */,
			);
			name = Main.storyboard;
			sourceTree = "<group>";
		};
		AB389B7B1F4D518400B74119 /* LaunchScreen.storyboard */ = {
			isa = PBXVariantGroup;
			children = (
				AB389B7C1F4D518400B74119 /* Base */,
			);
			name = LaunchScreen.storyboard;
			sourceTree = "<group>";
		};
/* End PBXVariantGroup section */

/* Begin XCBuildConfiguration section */
		AB389B7F1F4D518400B74119 /* Debug */ = {
			isa = XCBuildConfiguration;
			buildSettings = {
				ALWAYS_SEARCH_USER_PATHS = NO;
				CLANG_ANALYZER_NONNULL = YES;
				CLANG_ANALYZER_NUMBER_OBJECT_CONVERSION = YES_AGGRESSIVE;
				CLANG_CXX_LANGUAGE_STANDARD = "gnu++0x";
				CLANG_CXX_LIBRARY = "libc++";
				CLANG_ENABLE_MODULES = YES;
				CLANG_ENABLE_OBJC_ARC = YES;
				CLANG_WARN_BOOL_CONVERSION = YES;
				CLANG_WARN_CONSTANT_CONVERSION = YES;
				CLANG_WARN_DIRECT_OBJC_ISA_USAGE = YES_ERROR;
				CLANG_WARN_DOCUMENTATION_COMMENTS = YES;
				CLANG_WARN_EMPTY_BODY = YES;
				CLANG_WARN_ENUM_CONVERSION = YES;
				CLANG_WARN_INFINITE_RECURSION = YES;
				CLANG_WARN_INT_CONVERSION = YES;
				CLANG_WARN_OBJC_ROOT_CLASS = YES_ERROR;
				CLANG_WARN_SUSPICIOUS_MOVE = YES;
				CLANG_WARN_UNREACHABLE_CODE = YES;
				CLANG_WARN__DUPLICATE_METHOD_MATCH = YES;
				"CODE_SIGN_IDENTITY[sdk=iphoneos*]" = "iPhone Developer";
				COPY_PHASE_STRIP = NO;
				DEBUG_INFORMATION_FORMAT = dwarf;
				ENABLE_STRICT_OBJC_MSGSEND = YES;
				ENABLE_TESTABILITY = YES;
				GCC_C_LANGUAGE_STANDARD = gnu99;
				GCC_DYNAMIC_NO_PIC = NO;
				GCC_NO_COMMON_BLOCKS = YES;
				GCC_OPTIMIZATION_LEVEL = 0;
				GCC_PREPROCESSOR_DEFINITIONS = (
					"DEBUG=1",
					"$(inherited)",
				);
				GCC_WARN_64_TO_32_BIT_CONVERSION = YES;
				GCC_WARN_ABOUT_RETURN_TYPE = YES_ERROR;
				GCC_WARN_UNDECLARED_SELECTOR = YES;
				GCC_WARN_UNINITIALIZED_AUTOS = YES_AGGRESSIVE;
				GCC_WARN_UNUSED_FUNCTION = YES;
				GCC_WARN_UNUSED_VARIABLE = YES;
				IPHONEOS_DEPLOYMENT_TARGET = 10.3;
				MTL_ENABLE_DEBUG_INFO = YES;
				ONLY_ACTIVE_ARCH = YES;
				SDKROOT = iphoneos;
				SWIFT_ACTIVE_COMPILATION_CONDITIONS = DEBUG;
				SWIFT_OPTIMIZATION_LEVEL = "-Onone";
				TARGETED_DEVICE_FAMILY = "1,2";
			};
			name = Debug;
		};
		AB389B801F4D518400B74119 /* Release */ = {
			isa = XCBuildConfiguration;
			buildSettings = {
				ALWAYS_SEARCH_USER_PATHS = NO;
				CLANG_ANALYZER_NONNULL = YES;
				CLANG_ANALYZER_NUMBER_OBJECT_CONVERSION = YES_AGGRESSIVE;
				CLANG_CXX_LANGUAGE_STANDARD = "gnu++0x";
				CLANG_CXX_LIBRARY = "libc++";
				CLANG_ENABLE_MODULES = YES;
				CLANG_ENABLE_OBJC_ARC = YES;
				CLANG_WARN_BOOL_CONVERSION = YES;
				CLANG_WARN_CONSTANT_CONVERSION = YES;
				CLANG_WARN_DIRECT_OBJC_ISA_USAGE = YES_ERROR;
				CLANG_WARN_DOCUMENTATION_COMMENTS = YES;
				CLANG_WARN_EMPTY_BODY = YES;
				CLANG_WARN_ENUM_CONVERSION = YES;
				CLANG_WARN_INFINITE_RECURSION = YES;
				CLANG_WARN_INT_CONVERSION = YES;
				CLANG_WARN_OBJC_ROOT_CLASS = YES_ERROR;
				CLANG_WARN_SUSPICIOUS_MOVE = YES;
				CLANG_WARN_UNREACHABLE_CODE = YES;
				CLANG_WARN__DUPLICATE_METHOD_MATCH = YES;
				"CODE_SIGN_IDENTITY[sdk=iphoneos*]" = "iPhone Developer";
				COPY_PHASE_STRIP = NO;
				DEBUG_INFORMATION_FORMAT = "dwarf-with-dsym";
				ENABLE_NS_ASSERTIONS = NO;
				ENABLE_STRICT_OBJC_MSGSEND = YES;
				GCC_C_LANGUAGE_STANDARD = gnu99;
				GCC_NO_COMMON_BLOCKS = YES;
				GCC_WARN_64_TO_32_BIT_CONVERSION = YES;
				GCC_WARN_ABOUT_RETURN_TYPE = YES_ERROR;
				GCC_WARN_UNDECLARED_SELECTOR = YES;
				GCC_WARN_UNINITIALIZED_AUTOS = YES_AGGRESSIVE;
				GCC_WARN_UNUSED_FUNCTION = YES;
				GCC_WARN_UNUSED_VARIABLE = YES;
				IPHONEOS_DEPLOYMENT_TARGET = 10.3;
				MTL_ENABLE_DEBUG_INFO = NO;
				SDKROOT = iphoneos;
				SWIFT_OPTIMIZATION_LEVEL = "-Owholemodule";
				TARGETED_DEVICE_FAMILY = "1,2";
				VALIDATE_PRODUCT = YES;
			};
			name = Release;
		};
		AB389B821F4D518400B74119 /* Debug */ = {
			isa = XCBuildConfiguration;
			buildSettings = {
				ASSETCATALOG_COMPILER_APPICON_NAME = AppIcon;
				INFOPLIST_FILE = KoroKoroFurby/Info.plist;
				LD_RUNPATH_SEARCH_PATHS = "$(inherited) @executable_path/Frameworks";
				PRODUCT_BUNDLE_IDENTIFIER = com.hirokisato.KoroKoroFurby;
				PRODUCT_NAME = "$(TARGET_NAME)";
				SWIFT_VERSION = 3.0;
			};
			name = Debug;
		};
		AB389B831F4D518400B74119 /* Release */ = {
			isa = XCBuildConfiguration;
			buildSettings = {
				ASSETCATALOG_COMPILER_APPICON_NAME = AppIcon;
				INFOPLIST_FILE = KoroKoroFurby/Info.plist;
				LD_RUNPATH_SEARCH_PATHS = "$(inherited) @executable_path/Frameworks";
				PRODUCT_BUNDLE_IDENTIFIER = com.hirokisato.KoroKoroFurby;
				PRODUCT_NAME = "$(TARGET_NAME)";
				SWIFT_VERSION = 3.0;
			};
			name = Release;
		};
/* End XCBuildConfiguration section */

/* Begin XCConfigurationList section */
		AB389B6A1F4D518400B74119 /* Build configuration list for PBXProject "KoroKoroFurby" */ = {
			isa = XCConfigurationList;
			buildConfigurations = (
				AB389B7F1F4D518400B74119 /* Debug */,
				AB389B801F4D518400B74119 /* Release */,
			);
			defaultConfigurationIsVisible = 0;
			defaultConfigurationName = Release;
		};
		AB389B811F4D518400B74119 /* Build configuration list for PBXNativeTarget "KoroKoroFurby" */ = {
			isa = XCConfigurationList;
			buildConfigurations = (
				AB389B821F4D518400B74119 /* Debug */,
				AB389B831F4D518400B74119 /* Release */,
			);
			defaultConfigurationIsVisible = 0;
			defaultConfigurationName = Release;
		};
/* End XCConfigurationList section */
	};
	rootObject = AB389B671F4D518400B74119 /* Project object */;
}
