// !$*UTF8*$!
{
	archiveVersion = 1;
	classes = {
	};
	objectVersion = 46;
	objects = {

/* Begin PBXBuildFile section */
		8167AB7CB182B08E6FB8198B /* Pods_KoroKoroFurby.framework in Frameworks */ = {isa = PBXBuildFile; fileRef = ED8E6D03F063AF6886B91E86 /* Pods_KoroKoroFurby.framework */; };
		AB04128F1F5FE4B3003F2E7E /* 151-free-pictogram.png in Resources */ = {isa = PBXBuildFile; fileRef = AB04128E1F5FE4B3003F2E7E /* 151-free-pictogram.png */; };
		AB389B731F4D518400B74119 /* AppDelegate.swift in Sources */ = {isa = PBXBuildFile; fileRef = AB389B721F4D518400B74119 /* AppDelegate.swift */; };
		AB389B781F4D518400B74119 /* Main.storyboard in Resources */ = {isa = PBXBuildFile; fileRef = AB389B761F4D518400B74119 /* Main.storyboard */; };
		AB389B7A1F4D518400B74119 /* Assets.xcassets in Resources */ = {isa = PBXBuildFile; fileRef = AB389B791F4D518400B74119 /* Assets.xcassets */; };
		AB389B7D1F4D518400B74119 /* LaunchScreen.storyboard in Resources */ = {isa = PBXBuildFile; fileRef = AB389B7B1F4D518400B74119 /* LaunchScreen.storyboard */; };
		AB389B861F4D5A1C00B74119 /* ashiba.jpg in Resources */ = {isa = PBXBuildFile; fileRef = AB389B851F4D5A1C00B74119 /* ashiba.jpg */; };
		AB4F11141F73B3C20048F781 /* TitleViewController.swift in Sources */ = {isa = PBXBuildFile; fileRef = AB4F11131F73B3C20048F781 /* TitleViewController.swift */; };
		AB5315631F71081E007EB184 /* ResultViewController.swift in Sources */ = {isa = PBXBuildFile; fileRef = AB5315621F71081E007EB184 /* ResultViewController.swift */; };
		AB65EDE41F62932D00137CE9 /* 151-free-pictogramiro.png in Resources */ = {isa = PBXBuildFile; fileRef = AB65EDE31F62932D00137CE9 /* 151-free-pictogramiro.png */; };
		AB65EDE81F62A23700137CE9 /* CharactorClass.swift in Sources */ = {isa = PBXBuildFile; fileRef = AB65EDE71F62A23700137CE9 /* CharactorClass.swift */; };
		AB65EDEA1F62A56B00137CE9 /* AshibaClass.swift in Sources */ = {isa = PBXBuildFile; fileRef = AB65EDE91F62A56B00137CE9 /* AshibaClass.swift */; };
		AB69AF3A1F67E911007C4F1F /* AshibaMatome.swift in Sources */ = {isa = PBXBuildFile; fileRef = AB69AF391F67E911007C4F1F /* AshibaMatome.swift */; };
		AB9D0EF21F7B83CE004CE266 /* Key.swift in Sources */ = {isa = PBXBuildFile; fileRef = AB9D0EF11F7B83CE004CE266 /* Key.swift */; };
		AB9D0EFD1F7B912D004CE266 /* PopupViewController.swift in Sources */ = {isa = PBXBuildFile; fileRef = AB9D0EFB1F7B912D004CE266 /* PopupViewController.swift */; };
		AB9D0EFE1F7B912D004CE266 /* PopupViewController.xib in Resources */ = {isa = PBXBuildFile; fileRef = AB9D0EFC1F7B912D004CE266 /* PopupViewController.xib */; };
		AB9E1A9C1F84AD4100D1E5F0 /* RankingViewController.swift in Sources */ = {isa = PBXBuildFile; fileRef = AB9E1A9B1F84AD4100D1E5F0 /* RankingViewController.swift */; };
		AB9E1A9E1F84B7B900D1E5F0 /* RankingKariViewController.swift in Sources */ = {isa = PBXBuildFile; fileRef = AB9E1A9D1F84B7B900D1E5F0 /* RankingKariViewController.swift */; };
		ABC1CF571F8C810700141D87 /* neko.png in Resources */ = {isa = PBXBuildFile; fileRef = ABC1CF561F8C810700141D87 /* neko.png */; };
		ABC1CF591F8C820C00141D87 /* 041057.jpg in Resources */ = {isa = PBXBuildFile; fileRef = ABC1CF581F8C820C00141D87 /* 041057.jpg */; };
		ABC1CF5B1F8C836F00141D87 /* ashi.png in Resources */ = {isa = PBXBuildFile; fileRef = ABC1CF5A1F8C836F00141D87 /* ashi.png */; };
		ABC1CF5D1F8C83D300141D87 /* 472522.png in Resources */ = {isa = PBXBuildFile; fileRef = ABC1CF5C1F8C83D300141D87 /* 472522.png */; };
		ABC1CF5F1F8C83D900141D87 /* tobi_sizesame.png in Resources */ = {isa = PBXBuildFile; fileRef = ABC1CF5E1F8C83D900141D87 /* tobi_sizesame.png */; };
		ABC1CF611F8C851500141D87 /* usui.jpg in Resources */ = {isa = PBXBuildFile; fileRef = ABC1CF601F8C851500141D87 /* usui.jpg */; };
		ABC1CF631F8C85B400141D87 /* 310204.png in Resources */ = {isa = PBXBuildFile; fileRef = ABC1CF621F8C85B400141D87 /* 310204.png */; };
		ABC1CF671F8C865E00141D87 /* title.png in Resources */ = {isa = PBXBuildFile; fileRef = ABC1CF661F8C865E00141D87 /* title.png */; };
		ABC1CF691F8C86B200141D87 /* 436670.png in Resources */ = {isa = PBXBuildFile; fileRef = ABC1CF681F8C86B200141D87 /* 436670.png */; };
		ABC1CF6B1F8C8E4500141D87 /* neko_r.png in Resources */ = {isa = PBXBuildFile; fileRef = ABC1CF6A1F8C8E4500141D87 /* neko_r.png */; };
		ABC1CF6D1F8CA07F00141D87 /* botan.png in Resources */ = {isa = PBXBuildFile; fileRef = ABC1CF6C1F8CA07F00141D87 /* botan.png */; };
		ABC1CF6F1F8CA12200141D87 /* botan2.png in Resources */ = {isa = PBXBuildFile; fileRef = ABC1CF6E1F8CA12200141D87 /* botan2.png */; };
		ABC1CF711F8CA7C000141D87 /* Mutsuki.ttf in Resources */ = {isa = PBXBuildFile; fileRef = ABC1CF701F8CA7C000141D87 /* Mutsuki.ttf */; };
		ABDFD2C21F73C7F200348E3B /* ViewController.swift in Sources */ = {isa = PBXBuildFile; fileRef = AB389B741F4D518400B74119 /* ViewController.swift */; };
/* End PBXBuildFile section */

/* Begin PBXFileReference section */
		956681BC0644957E868B5F7B /* Pods-KoroKoroFurby.release.xcconfig */ = {isa = PBXFileReference; includeInIndex = 1; lastKnownFileType = text.xcconfig; name = "Pods-KoroKoroFurby.release.xcconfig"; path = "Pods/Target Support Files/Pods-KoroKoroFurby/Pods-KoroKoroFurby.release.xcconfig"; sourceTree = "<group>"; };
		AB04128E1F5FE4B3003F2E7E /* 151-free-pictogram.png */ = {isa = PBXFileReference; lastKnownFileType = image.png; path = "151-free-pictogram.png"; sourceTree = "<group>"; };
		AB389B6F1F4D518400B74119 /* KoroKoroFurby.app */ = {isa = PBXFileReference; explicitFileType = wrapper.application; includeInIndex = 0; path = KoroKoroFurby.app; sourceTree = BUILT_PRODUCTS_DIR; };
		AB389B721F4D518400B74119 /* AppDelegate.swift */ = {isa = PBXFileReference; lastKnownFileType = sourcecode.swift; path = AppDelegate.swift; sourceTree = "<group>"; };
		AB389B741F4D518400B74119 /* ViewController.swift */ = {isa = PBXFileReference; lastKnownFileType = sourcecode.swift; lineEnding = 0; path = ViewController.swift; sourceTree = "<group>"; xcLanguageSpecificationIdentifier = xcode.lang.swift; };
		AB389B771F4D518400B74119 /* Base */ = {isa = PBXFileReference; lastKnownFileType = file.storyboard; name = Base; path = Base.lproj/Main.storyboard; sourceTree = "<group>"; };
		AB389B791F4D518400B74119 /* Assets.xcassets */ = {isa = PBXFileReference; lastKnownFileType = folder.assetcatalog; path = Assets.xcassets; sourceTree = "<group>"; };
		AB389B7C1F4D518400B74119 /* Base */ = {isa = PBXFileReference; lastKnownFileType = file.storyboard; name = Base; path = Base.lproj/LaunchScreen.storyboard; sourceTree = "<group>"; };
		AB389B7E1F4D518400B74119 /* Info.plist */ = {isa = PBXFileReference; lastKnownFileType = text.plist.xml; path = Info.plist; sourceTree = "<group>"; };
		AB389B851F4D5A1C00B74119 /* ashiba.jpg */ = {isa = PBXFileReference; lastKnownFileType = image.jpeg; path = ashiba.jpg; sourceTree = "<group>"; };
		AB4F11131F73B3C20048F781 /* TitleViewController.swift */ = {isa = PBXFileReference; fileEncoding = 4; lastKnownFileType = sourcecode.swift; name = TitleViewController.swift; path = ../TitleViewController.swift; sourceTree = "<group>"; };
		AB5315621F71081E007EB184 /* ResultViewController.swift */ = {isa = PBXFileReference; fileEncoding = 4; lastKnownFileType = sourcecode.swift; path = ResultViewController.swift; sourceTree = "<group>"; };
		AB65EDE31F62932D00137CE9 /* 151-free-pictogramiro.png */ = {isa = PBXFileReference; lastKnownFileType = image.png; path = "151-free-pictogramiro.png"; sourceTree = "<group>"; };
		AB65EDE71F62A23700137CE9 /* CharactorClass.swift */ = {isa = PBXFileReference; fileEncoding = 4; lastKnownFileType = sourcecode.swift; path = CharactorClass.swift; sourceTree = "<group>"; };
		AB65EDE91F62A56B00137CE9 /* AshibaClass.swift */ = {isa = PBXFileReference; fileEncoding = 4; lastKnownFileType = sourcecode.swift; lineEnding = 0; path = AshibaClass.swift; sourceTree = "<group>"; xcLanguageSpecificationIdentifier = xcode.lang.swift; };
		AB69AF391F67E911007C4F1F /* AshibaMatome.swift */ = {isa = PBXFileReference; fileEncoding = 4; lastKnownFileType = sourcecode.swift; lineEnding = 0; path = AshibaMatome.swift; sourceTree = "<group>"; xcLanguageSpecificationIdentifier = xcode.lang.swift; };
		AB9D0EF11F7B83CE004CE266 /* Key.swift */ = {isa = PBXFileReference; fileEncoding = 4; lastKnownFileType = sourcecode.swift; path = Key.swift; sourceTree = "<group>"; };
		AB9D0EFB1F7B912D004CE266 /* PopupViewController.swift */ = {isa = PBXFileReference; fileEncoding = 4; lastKnownFileType = sourcecode.swift; path = PopupViewController.swift; sourceTree = "<group>"; };
		AB9D0EFC1F7B912D004CE266 /* PopupViewController.xib */ = {isa = PBXFileReference; fileEncoding = 4; lastKnownFileType = file.xib; path = PopupViewController.xib; sourceTree = "<group>"; };
		AB9E1A9B1F84AD4100D1E5F0 /* RankingViewController.swift */ = {isa = PBXFileReference; fileEncoding = 4; lastKnownFileType = sourcecode.swift; path = RankingViewController.swift; sourceTree = "<group>"; };
		AB9E1A9D1F84B7B900D1E5F0 /* RankingKariViewController.swift */ = {isa = PBXFileReference; fileEncoding = 4; lastKnownFileType = sourcecode.swift; path = RankingKariViewController.swift; sourceTree = "<group>"; };
		ABC1CF561F8C810700141D87 /* neko.png */ = {isa = PBXFileReference; lastKnownFileType = image.png; path = neko.png; sourceTree = "<group>"; };
		ABC1CF581F8C820C00141D87 /* 041057.jpg */ = {isa = PBXFileReference; lastKnownFileType = image.jpeg; path = 041057.jpg; sourceTree = "<group>"; };
		ABC1CF5A1F8C836F00141D87 /* ashi.png */ = {isa = PBXFileReference; lastKnownFileType = image.png; path = ashi.png; sourceTree = "<group>"; };
		ABC1CF5C1F8C83D300141D87 /* 472522.png */ = {isa = PBXFileReference; lastKnownFileType = image.png; path = 472522.png; sourceTree = "<group>"; };
		ABC1CF5E1F8C83D900141D87 /* tobi_sizesame.png */ = {isa = PBXFileReference; lastKnownFileType = image.png; path = tobi_sizesame.png; sourceTree = "<group>"; };
		ABC1CF601F8C851500141D87 /* usui.jpg */ = {isa = PBXFileReference; lastKnownFileType = image.jpeg; path = usui.jpg; sourceTree = "<group>"; };
		ABC1CF621F8C85B400141D87 /* 310204.png */ = {isa = PBXFileReference; lastKnownFileType = image.png; path = 310204.png; sourceTree = "<group>"; };
		ABC1CF661F8C865E00141D87 /* title.png */ = {isa = PBXFileReference; lastKnownFileType = image.png; path = title.png; sourceTree = "<group>"; };
		ABC1CF681F8C86B200141D87 /* 436670.png */ = {isa = PBXFileReference; lastKnownFileType = image.png; path = 436670.png; sourceTree = "<group>"; };
		ABC1CF6A1F8C8E4500141D87 /* neko_r.png */ = {isa = PBXFileReference; lastKnownFileType = image.png; path = neko_r.png; sourceTree = "<group>"; };
		ABC1CF6C1F8CA07F00141D87 /* botan.png */ = {isa = PBXFileReference; lastKnownFileType = image.png; path = botan.png; sourceTree = "<group>"; };
		ABC1CF6E1F8CA12200141D87 /* botan2.png */ = {isa = PBXFileReference; lastKnownFileType = image.png; path = botan2.png; sourceTree = "<group>"; };
		ABC1CF701F8CA7C000141D87 /* Mutsuki.ttf */ = {isa = PBXFileReference; lastKnownFileType = file; path = Mutsuki.ttf; sourceTree = "<group>"; };
		ED8E6D03F063AF6886B91E86 /* Pods_KoroKoroFurby.framework */ = {isa = PBXFileReference; explicitFileType = wrapper.framework; includeInIndex = 0; path = Pods_KoroKoroFurby.framework; sourceTree = BUILT_PRODUCTS_DIR; };
		F3ADEFE98A081798D6EA11BE /* Pods-KoroKoroFurby.debug.xcconfig */ = {isa = PBXFileReference; includeInIndex = 1; lastKnownFileType = text.xcconfig; name = "Pods-KoroKoroFurby.debug.xcconfig"; path = "Pods/Target Support Files/Pods-KoroKoroFurby/Pods-KoroKoroFurby.debug.xcconfig"; sourceTree = "<group>"; };
/* End PBXFileReference section */

/* Begin PBXFrameworksBuildPhase section */
		AB389B6C1F4D518400B74119 /* Frameworks */ = {
			isa = PBXFrameworksBuildPhase;
			buildActionMask = 2147483647;
			files = (
				8167AB7CB182B08E6FB8198B /* Pods_KoroKoroFurby.framework in Frameworks */,
			);
			runOnlyForDeploymentPostprocessing = 0;
		};
/* End PBXFrameworksBuildPhase section */

/* Begin PBXGroup section */
		2C2D592C14DB704BC9E49400 /* Frameworks */ = {
			isa = PBXGroup;
			children = (
				ED8E6D03F063AF6886B91E86 /* Pods_KoroKoroFurby.framework */,
			);
			name = Frameworks;
			sourceTree = "<group>";
		};
		AB389B661F4D518400B74119 = {
			isa = PBXGroup;
			children = (
				AB389B711F4D518400B74119 /* KoroKoroFurby */,
				AB389B701F4D518400B74119 /* Products */,
				E5E66A8A4B3791A16EFFC9F3 /* Pods */,
				2C2D592C14DB704BC9E49400 /* Frameworks */,
			);
			sourceTree = "<group>";
		};
		AB389B701F4D518400B74119 /* Products */ = {
			isa = PBXGroup;
			children = (
				AB389B6F1F4D518400B74119 /* KoroKoroFurby.app */,
			);
			name = Products;
			sourceTree = "<group>";
		};
		AB389B711F4D518400B74119 /* KoroKoroFurby */ = {
			isa = PBXGroup;
			children = (
				ABC1CF701F8CA7C000141D87 /* Mutsuki.ttf */,
				AB389B841F4D5A0600B74119 /* Images */,
				AB389B721F4D518400B74119 /* AppDelegate.swift */,
				AB9D0EFB1F7B912D004CE266 /* PopupViewController.swift */,
				AB9D0EFC1F7B912D004CE266 /* PopupViewController.xib */,
				AB389B741F4D518400B74119 /* ViewController.swift */,
				AB389B761F4D518400B74119 /* Main.storyboard */,
				AB389B791F4D518400B74119 /* Assets.xcassets */,
				AB389B7B1F4D518400B74119 /* LaunchScreen.storyboard */,
				AB389B7E1F4D518400B74119 /* Info.plist */,
				AB65EDE91F62A56B00137CE9 /* AshibaClass.swift */,
				AB65EDE71F62A23700137CE9 /* CharactorClass.swift */,
				AB69AF391F67E911007C4F1F /* AshibaMatome.swift */,
				AB5315621F71081E007EB184 /* ResultViewController.swift */,
				AB4F11131F73B3C20048F781 /* TitleViewController.swift */,
				AB9D0EF11F7B83CE004CE266 /* Key.swift */,
				AB9E1A9B1F84AD4100D1E5F0 /* RankingViewController.swift */,
				AB9E1A9D1F84B7B900D1E5F0 /* RankingKariViewController.swift */,
			);
			path = KoroKoroFurby;
			sourceTree = "<group>";
		};
		AB389B841F4D5A0600B74119 /* Images */ = {
			isa = PBXGroup;
			children = (
				ABC1CF561F8C810700141D87 /* neko.png */,
				ABC1CF581F8C820C00141D87 /* 041057.jpg */,
				ABC1CF5C1F8C83D300141D87 /* 472522.png */,
				ABC1CF621F8C85B400141D87 /* 310204.png */,
				ABC1CF681F8C86B200141D87 /* 436670.png */,
				ABC1CF6C1F8CA07F00141D87 /* botan.png */,
				ABC1CF6E1F8CA12200141D87 /* botan2.png */,
				ABC1CF5A1F8C836F00141D87 /* ashi.png */,
				ABC1CF5E1F8C83D900141D87 /* tobi_sizesame.png */,
				ABC1CF601F8C851500141D87 /* usui.jpg */,
				ABC1CF661F8C865E00141D87 /* title.png */,
				ABC1CF6A1F8C8E4500141D87 /* neko_r.png */,
				AB04128E1F5FE4B3003F2E7E /* 151-free-pictogram.png */,
				AB65EDE31F62932D00137CE9 /* 151-free-pictogramiro.png */,
				AB389B851F4D5A1C00B74119 /* ashiba.jpg */,
			);
			name = Images;
			sourceTree = "<group>";
		};
		E5E66A8A4B3791A16EFFC9F3 /* Pods */ = {
			isa = PBXGroup;
			children = (
				F3ADEFE98A081798D6EA11BE /* Pods-KoroKoroFurby.debug.xcconfig */,
				956681BC0644957E868B5F7B /* Pods-KoroKoroFurby.release.xcconfig */,
			);
			name = Pods;
			sourceTree = "<group>";
		};
/* End PBXGroup section */

/* Begin PBXNativeTarget section */
		AB389B6E1F4D518400B74119 /* KoroKoroFurby */ = {
			isa = PBXNativeTarget;
			buildConfigurationList = AB389B811F4D518400B74119 /* Build configuration list for PBXNativeTarget "KoroKoroFurby" */;
			buildPhases = (
				41090E2B0C75D3B8A07A9E43 /* [CP] Check Pods Manifest.lock */,
				AB389B6B1F4D518400B74119 /* Sources */,
				AB389B6C1F4D518400B74119 /* Frameworks */,
				AB389B6D1F4D518400B74119 /* Resources */,
				24F62F86860BEA26D719D8BD /* [CP] Embed Pods Frameworks */,
				7E19D68199423923E04F6C9A /* [CP] Copy Pods Resources */,
			);
			buildRules = (
			);
			dependencies = (
			);
			name = KoroKoroFurby;
			productName = KoroKoroFurby;
			productReference = AB389B6F1F4D518400B74119 /* KoroKoroFurby.app */;
			productType = "com.apple.product-type.application";
		};
/* End PBXNativeTarget section */

/* Begin PBXProject section */
		AB389B671F4D518400B74119 /* Project object */ = {
			isa = PBXProject;
			attributes = {
				LastSwiftUpdateCheck = 0830;
				LastUpgradeCheck = 0830;
				ORGANIZATIONNAME = nttr.hirtoki;
				TargetAttributes = {
					AB389B6E1F4D518400B74119 = {
						CreatedOnToolsVersion = 8.3.3;
						ProvisioningStyle = Automatic;
					};
				};
			};
			buildConfigurationList = AB389B6A1F4D518400B74119 /* Build configuration list for PBXProject "KoroKoroFurby" */;
			compatibilityVersion = "Xcode 3.2";
			developmentRegion = English;
			hasScannedForEncodings = 0;
			knownRegions = (
				en,
				Base,
			);
			mainGroup = AB389B661F4D518400B74119;
			productRefGroup = AB389B701F4D518400B74119 /* Products */;
			projectDirPath = "";
			projectRoot = "";
			targets = (
				AB389B6E1F4D518400B74119 /* KoroKoroFurby */,
			);
		};
/* End PBXProject section */

/* Begin PBXResourcesBuildPhase section */
		AB389B6D1F4D518400B74119 /* Resources */ = {
			isa = PBXResourcesBuildPhase;
			buildActionMask = 2147483647;
			files = (
				ABC1CF5D1F8C83D300141D87 /* 472522.png in Resources */,
				ABC1CF571F8C810700141D87 /* neko.png in Resources */,
				ABC1CF6D1F8CA07F00141D87 /* botan.png in Resources */,
				AB04128F1F5FE4B3003F2E7E /* 151-free-pictogram.png in Resources */,
				ABC1CF591F8C820C00141D87 /* 041057.jpg in Resources */,
				AB389B7D1F4D518400B74119 /* LaunchScreen.storyboard in Resources */,
				ABC1CF631F8C85B400141D87 /* 310204.png in Resources */,
				AB389B7A1F4D518400B74119 /* Assets.xcassets in Resources */,
				ABC1CF691F8C86B200141D87 /* 436670.png in Resources */,
				ABC1CF711F8CA7C000141D87 /* Mutsuki.ttf in Resources */,
				ABC1CF6B1F8C8E4500141D87 /* neko_r.png in Resources */,
				AB9D0EFE1F7B912D004CE266 /* PopupViewController.xib in Resources */,
				ABC1CF5B1F8C836F00141D87 /* ashi.png in Resources */,
				AB65EDE41F62932D00137CE9 /* 151-free-pictogramiro.png in Resources */,
				AB389B781F4D518400B74119 /* Main.storyboard in Resources */,
				ABC1CF611F8C851500141D87 /* usui.jpg in Resources */,
				ABC1CF5F1F8C83D900141D87 /* tobi_sizesame.png in Resources */,
				AB389B861F4D5A1C00B74119 /* ashiba.jpg in Resources */,
				ABC1CF6F1F8CA12200141D87 /* botan2.png in Resources */,
				ABC1CF671F8C865E00141D87 /* title.png in Resources */,
			);
			runOnlyForDeploymentPostprocessing = 0;
		};
/* End PBXResourcesBuildPhase section */

/* Begin PBXShellScriptBuildPhase section */
		24F62F86860BEA26D719D8BD /* [CP] Embed Pods Frameworks */ = {
			isa = PBXShellScriptBuildPhase;
			buildActionMask = 2147483647;
			files = (
			);
			inputPaths = (
			);
			name = "[CP] Embed Pods Frameworks";
			outputPaths = (
			);
			runOnlyForDeploymentPostprocessing = 0;
			shellPath = /bin/sh;
			shellScript = "\"${SRCROOT}/Pods/Target Support Files/Pods-KoroKoroFurby/Pods-KoroKoroFurby-frameworks.sh\"\n";
			showEnvVarsInLog = 0;
		};
		41090E2B0C75D3B8A07A9E43 /* [CP] Check Pods Manifest.lock */ = {
			isa = PBXShellScriptBuildPhase;
			buildActionMask = 2147483647;
			files = (
			);
			inputPaths = (
			);
			name = "[CP] Check Pods Manifest.lock";
			outputPaths = (
			);
			runOnlyForDeploymentPostprocessing = 0;
			shellPath = /bin/sh;
			shellScript = "diff \"${PODS_PODFILE_DIR_PATH}/Podfile.lock\" \"${PODS_ROOT}/Manifest.lock\" > /dev/null\nif [ $? != 0 ] ; then\n    # print error to STDERR\n    echo \"error: The sandbox is not in sync with the Podfile.lock. Run 'pod install' or update your CocoaPods installation.\" >&2\n    exit 1\nfi\n";
			showEnvVarsInLog = 0;
		};
		7E19D68199423923E04F6C9A /* [CP] Copy Pods Resources */ = {
			isa = PBXShellScriptBuildPhase;
			buildActionMask = 2147483647;
			files = (
			);
			inputPaths = (
			);
			name = "[CP] Copy Pods Resources";
			outputPaths = (
			);
			runOnlyForDeploymentPostprocessing = 0;
			shellPath = /bin/sh;
			shellScript = "\"${SRCROOT}/Pods/Target Support Files/Pods-KoroKoroFurby/Pods-KoroKoroFurby-resources.sh\"\n";
			showEnvVarsInLog = 0;
		};
/* End PBXShellScriptBuildPhase section */

/* Begin PBXSourcesBuildPhase section */
		AB389B6B1F4D518400B74119 /* Sources */ = {
			isa = PBXSourcesBuildPhase;
			buildActionMask = 2147483647;
			files = (
				AB65EDE81F62A23700137CE9 /* CharactorClass.swift in Sources */,
				AB65EDEA1F62A56B00137CE9 /* AshibaClass.swift in Sources */,
				AB69AF3A1F67E911007C4F1F /* AshibaMatome.swift in Sources */,
				AB389B731F4D518400B74119 /* AppDelegate.swift in Sources */,
				ABDFD2C21F73C7F200348E3B /* ViewController.swift in Sources */,
				AB9E1A9C1F84AD4100D1E5F0 /* RankingViewController.swift in Sources */,
				AB9E1A9E1F84B7B900D1E5F0 /* RankingKariViewController.swift in Sources */,
				AB9D0EFD1F7B912D004CE266 /* PopupViewController.swift in Sources */,
				AB9D0EF21F7B83CE004CE266 /* Key.swift in Sources */,
				AB5315631F71081E007EB184 /* ResultViewController.swift in Sources */,
				AB4F11141F73B3C20048F781 /* TitleViewController.swift in Sources */,
			);
			runOnlyForDeploymentPostprocessing = 0;
		};
/* End PBXSourcesBuildPhase section */

/* Begin PBXVariantGroup section */
		AB389B761F4D518400B74119 /* Main.storyboard */ = {
			isa = PBXVariantGroup;
			children = (
				AB389B771F4D518400B74119 /* Base */,
			);
			name = Main.storyboard;
			sourceTree = "<group>";
		};
		AB389B7B1F4D518400B74119 /* LaunchScreen.storyboard */ = {
			isa = PBXVariantGroup;
			children = (
				AB389B7C1F4D518400B74119 /* Base */,
			);
			name = LaunchScreen.storyboard;
			sourceTree = "<group>";
		};
/* End PBXVariantGroup section */

/* Begin XCBuildConfiguration section */
		AB389B7F1F4D518400B74119 /* Debug */ = {
			isa = XCBuildConfiguration;
			buildSettings = {
				ALWAYS_SEARCH_USER_PATHS = NO;
				CLANG_ANALYZER_NONNULL = YES;
				CLANG_ANALYZER_NUMBER_OBJECT_CONVERSION = YES_AGGRESSIVE;
				CLANG_CXX_LANGUAGE_STANDARD = "gnu++0x";
				CLANG_CXX_LIBRARY = "libc++";
				CLANG_ENABLE_MODULES = YES;
				CLANG_ENABLE_OBJC_ARC = YES;
				CLANG_WARN_BOOL_CONVERSION = YES;
				CLANG_WARN_CONSTANT_CONVERSION = YES;
				CLANG_WARN_DIRECT_OBJC_ISA_USAGE = YES_ERROR;
				CLANG_WARN_DOCUMENTATION_COMMENTS = YES;
				CLANG_WARN_EMPTY_BODY = YES;
				CLANG_WARN_ENUM_CONVERSION = YES;
				CLANG_WARN_INFINITE_RECURSION = YES;
				CLANG_WARN_INT_CONVERSION = YES;
				CLANG_WARN_OBJC_ROOT_CLASS = YES_ERROR;
				CLANG_WARN_SUSPICIOUS_MOVE = YES;
				CLANG_WARN_UNREACHABLE_CODE = YES;
				CLANG_WARN__DUPLICATE_METHOD_MATCH = YES;
				"CODE_SIGN_IDENTITY[sdk=iphoneos*]" = "iPhone Developer";
				COPY_PHASE_STRIP = NO;
				DEBUG_INFORMATION_FORMAT = dwarf;
				ENABLE_STRICT_OBJC_MSGSEND = YES;
				ENABLE_TESTABILITY = YES;
				GCC_C_LANGUAGE_STANDARD = gnu99;
				GCC_DYNAMIC_NO_PIC = NO;
				GCC_NO_COMMON_BLOCKS = YES;
				GCC_OPTIMIZATION_LEVEL = 0;
				GCC_PREPROCESSOR_DEFINITIONS = (
					"DEBUG=1",
					"$(inherited)",
				);
				GCC_WARN_64_TO_32_BIT_CONVERSION = YES;
				GCC_WARN_ABOUT_RETURN_TYPE = YES_ERROR;
				GCC_WARN_UNDECLARED_SELECTOR = YES;
				GCC_WARN_UNINITIALIZED_AUTOS = YES_AGGRESSIVE;
				GCC_WARN_UNUSED_FUNCTION = YES;
				GCC_WARN_UNUSED_VARIABLE = YES;
				IPHONEOS_DEPLOYMENT_TARGET = 10.3;
				MTL_ENABLE_DEBUG_INFO = YES;
				ONLY_ACTIVE_ARCH = YES;
				SDKROOT = iphoneos;
				SWIFT_ACTIVE_COMPILATION_CONDITIONS = DEBUG;
				SWIFT_OPTIMIZATION_LEVEL = "-Onone";
				TARGETED_DEVICE_FAMILY = "1,2";
			};
			name = Debug;
		};
		AB389B801F4D518400B74119 /* Release */ = {
			isa = XCBuildConfiguration;
			buildSettings = {
				ALWAYS_SEARCH_USER_PATHS = NO;
				CLANG_ANALYZER_NONNULL = YES;
				CLANG_ANALYZER_NUMBER_OBJECT_CONVERSION = YES_AGGRESSIVE;
				CLANG_CXX_LANGUAGE_STANDARD = "gnu++0x";
				CLANG_CXX_LIBRARY = "libc++";
				CLANG_ENABLE_MODULES = YES;
				CLANG_ENABLE_OBJC_ARC = YES;
				CLANG_WARN_BOOL_CONVERSION = YES;
				CLANG_WARN_CONSTANT_CONVERSION = YES;
				CLANG_WARN_DIRECT_OBJC_ISA_USAGE = YES_ERROR;
				CLANG_WARN_DOCUMENTATION_COMMENTS = YES;
				CLANG_WARN_EMPTY_BODY = YES;
				CLANG_WARN_ENUM_CONVERSION = YES;
				CLANG_WARN_INFINITE_RECURSION = YES;
				CLANG_WARN_INT_CONVERSION = YES;
				CLANG_WARN_OBJC_ROOT_CLASS = YES_ERROR;
				CLANG_WARN_SUSPICIOUS_MOVE = YES;
				CLANG_WARN_UNREACHABLE_CODE = YES;
				CLANG_WARN__DUPLICATE_METHOD_MATCH = YES;
				"CODE_SIGN_IDENTITY[sdk=iphoneos*]" = "iPhone Developer";
				COPY_PHASE_STRIP = NO;
				DEBUG_INFORMATION_FORMAT = "dwarf-with-dsym";
				ENABLE_NS_ASSERTIONS = NO;
				ENABLE_STRICT_OBJC_MSGSEND = YES;
				GCC_C_LANGUAGE_STANDARD = gnu99;
				GCC_NO_COMMON_BLOCKS = YES;
				GCC_WARN_64_TO_32_BIT_CONVERSION = YES;
				GCC_WARN_ABOUT_RETURN_TYPE = YES_ERROR;
				GCC_WARN_UNDECLARED_SELECTOR = YES;
				GCC_WARN_UNINITIALIZED_AUTOS = YES_AGGRESSIVE;
				GCC_WARN_UNUSED_FUNCTION = YES;
				GCC_WARN_UNUSED_VARIABLE = YES;
				IPHONEOS_DEPLOYMENT_TARGET = 10.3;
				MTL_ENABLE_DEBUG_INFO = NO;
				SDKROOT = iphoneos;
				SWIFT_OPTIMIZATION_LEVEL = "-Owholemodule";
				TARGETED_DEVICE_FAMILY = "1,2";
				VALIDATE_PRODUCT = YES;
			};
			name = Release;
		};
		AB389B821F4D518400B74119 /* Debug */ = {
			isa = XCBuildConfiguration;
			baseConfigurationReference = F3ADEFE98A081798D6EA11BE /* Pods-KoroKoroFurby.debug.xcconfig */;
			buildSettings = {
				ASSETCATALOG_COMPILER_APPICON_NAME = AppIcon;
				INFOPLIST_FILE = KoroKoroFurby/Info.plist;
				LD_RUNPATH_SEARCH_PATHS = "$(inherited) @executable_path/Frameworks";
				PRODUCT_BUNDLE_IDENTIFIER = com.hirokisato.KoroKoroFurby;
				PRODUCT_NAME = "$(TARGET_NAME)";
				SWIFT_VERSION = 3.0;
			};
			name = Debug;
		};
		AB389B831F4D518400B74119 /* Release */ = {
			isa = XCBuildConfiguration;
			baseConfigurationReference = 956681BC0644957E868B5F7B /* Pods-KoroKoroFurby.release.xcconfig */;
			buildSettings = {
				ASSETCATALOG_COMPILER_APPICON_NAME = AppIcon;
				INFOPLIST_FILE = KoroKoroFurby/Info.plist;
				LD_RUNPATH_SEARCH_PATHS = "$(inherited) @executable_path/Frameworks";
				PRODUCT_BUNDLE_IDENTIFIER = com.hirokisato.KoroKoroFurby;
				PRODUCT_NAME = "$(TARGET_NAME)";
				SWIFT_VERSION = 3.0;
			};
			name = Release;
		};
/* End XCBuildConfiguration section */

/* Begin XCConfigurationList section */
		AB389B6A1F4D518400B74119 /* Build configuration list for PBXProject "KoroKoroFurby" */ = {
			isa = XCConfigurationList;
			buildConfigurations = (
				AB389B7F1F4D518400B74119 /* Debug */,
				AB389B801F4D518400B74119 /* Release */,
			);
			defaultConfigurationIsVisible = 0;
			defaultConfigurationName = Release;
		};
		AB389B811F4D518400B74119 /* Build configuration list for PBXNativeTarget "KoroKoroFurby" */ = {
			isa = XCConfigurationList;
			buildConfigurations = (
				AB389B821F4D518400B74119 /* Debug */,
				AB389B831F4D518400B74119 /* Release */,
			);
			defaultConfigurationIsVisible = 0;
			defaultConfigurationName = Release;
		};
/* End XCConfigurationList section */
	};
	rootObject = AB389B671F4D518400B74119 /* Project object */;
}
